
Microsoft Visual Studio Solution File, Format Version 12.00
# Visual Studio Version 17
VisualStudioVersion = 17.1.32228.430
MinimumVisualStudioVersion = 10.0.40219.1
Project("{FAE04EC0-301F-11D3-BF4B-00C04F79EFBC}") = "PdnGpuEffectSamples", "PdnGpuEffectSamples.csproj", "{E1CEF944-2231-40B0-AEDE-D77E8D4A5B0E}"
EndProject
Global
	GlobalSection(SolutionConfigurationPlatforms) = preSolution
		Debug|Any CPU = Debug|Any CPU
		Release|Any CPU = Release|Any CPU
	EndGlobalSection
	GlobalSection(ProjectConfigurationPlatforms) = postSolution
		{E1CEF944-2231-40B0-AEDE-D77E8D4A5B0E}.Debug|Any CPU.ActiveCfg = Debug|Any CPU
		{E1CEF944-2231-40B0-AEDE-D77E8D4A5B0E}.Debug|Any CPU.Build.0 = Debug|Any CPU
		{E1CEF944-2231-40B0-AEDE-D77E8D4A5B0E}.Release|Any CPU.ActiveCfg = Release|Any CPU
		{E1CEF944-2231-40B0-AEDE-D77E8D4A5B0E}.Release|Any CPU.Build.0 = Release|Any CPU
	EndGlobalSection
	GlobalSection(SolutionProperties) = preSolution
		HideSolutionNode = FALSE
	EndGlobalSection
	GlobalSection(ExtensibilityGlobals) = postSolution
		SolutionGuid = {9A5D1953-4136-4A27-8322-A8A8FC4A6A86}
	EndGlobalSection
EndGlobal
